
Microsoft Visual Studio Solution File, Format Version 12.00
# Visual Studio Version 16
VisualStudioVersion = 16.0.30907.101
MinimumVisualStudioVersion = 10.0.40219.1
Project("{FAE04EC0-301F-11D3-BF4B-00C04F79EFBC}") = "Linked List", "Linked List\Linked List.csproj", "{12543C9A-F364-444B-BB3D-D3E8CEF8E7EE}"
EndProject
Project("{2150E333-8FDC-42A3-9474-1A3956D46DE8}") = "Solution Items", "Solution Items", "{DC62AEC4-6CA7-4674-9D28-50257E6DFBB7}"
	ProjectSection(SolutionItems) = preProject
		.editorconfig = .editorconfig
	EndProjectSection
EndProject
Global
	GlobalSection(SolutionConfigurationPlatforms) = preSolution
		Debug|Any CPU = Debug|Any CPU
		Release|Any CPU = Release|Any CPU
	EndGlobalSection
	GlobalSection(ProjectConfigurationPlatforms) = postSolution
		{12543C9A-F364-444B-BB3D-D3E8CEF8E7EE}.Debug|Any CPU.ActiveCfg = Debug|Any CPU
		{12543C9A-F364-444B-BB3D-D3E8CEF8E7EE}.Debug|Any CPU.Build.0 = Debug|Any CPU
		{12543C9A-F364-444B-BB3D-D3E8CEF8E7EE}.Release|Any CPU.ActiveCfg = Release|Any CPU
		{12543C9A-F364-444B-BB3D-D3E8CEF8E7EE}.Release|Any CPU.Build.0 = Release|Any CPU
	EndGlobalSection
	GlobalSection(SolutionProperties) = preSolution
		HideSolutionNode = FALSE
	EndGlobalSection
	GlobalSection(ExtensibilityGlobals) = postSolution
		SolutionGuid = {7BD640D0-574C-4AAD-BDDC-A4D53CDB858A}
	EndGlobalSection
EndGlobal
